# This file is generated by running "yarn install" inside your project.
# Manual changes might be lost - proceed with caution!

__metadata:
  version: 8
  cacheKey: 10c0

"@inquirer/checkbox@npm:^2.5.0":
  version: 2.5.0
  resolution: "@inquirer/checkbox@npm:2.5.0"
  dependencies:
    "@inquirer/core": "npm:^9.1.0"
    "@inquirer/figures": "npm:^1.0.5"
    "@inquirer/type": "npm:^1.5.3"
    ansi-escapes: "npm:^4.3.2"
    yoctocolors-cjs: "npm:^2.1.2"
  checksum: 10c0/679d17ffe3aef0825593f3bc8d193b6c37b860c6cf6e0e9a10d4e60cc254a2dfc5da4a982bf5b9b5147018e456fffcb0b0dadf93ee1914b9d600b0c814284e22
  languageName: node
  linkType: hard

"@inquirer/confirm@npm:^3.2.0":
  version: 3.2.0
  resolution: "@inquirer/confirm@npm:3.2.0"
  dependencies:
    "@inquirer/core": "npm:^9.1.0"
    "@inquirer/type": "npm:^1.5.3"
  checksum: 10c0/a2cbfc8ae9c880bba4cce1993f5c399fb0d12741fdd574917c87fceb40ece62ffa60e35aaadf4e62d7c114f54008e45aee5d6d90497bb62d493996c02725d243
  languageName: node
  linkType: hard

"@inquirer/core@npm:^9.1.0":
  version: 9.1.0
  resolution: "@inquirer/core@npm:9.1.0"
  dependencies:
    "@inquirer/figures": "npm:^1.0.5"
    "@inquirer/type": "npm:^1.5.3"
    "@types/mute-stream": "npm:^0.0.4"
    "@types/node": "npm:^22.5.2"
    "@types/wrap-ansi": "npm:^3.0.0"
    ansi-escapes: "npm:^4.3.2"
    cli-spinners: "npm:^2.9.2"
    cli-width: "npm:^4.1.0"
    mute-stream: "npm:^1.0.0"
    signal-exit: "npm:^4.1.0"
    strip-ansi: "npm:^6.0.1"
    wrap-ansi: "npm:^6.2.0"
    yoctocolors-cjs: "npm:^2.1.2"
  checksum: 10c0/c86cbd1980788dee4151002ed717b5664a79eec1d925e1b38896bbad079647af5c423eaaa39a2291ba4fdf78a33c541ea3f69cbbf030f03815eb523fa05230f8
  languageName: node
  linkType: hard

"@inquirer/editor@npm:^2.2.0":
  version: 2.2.0
  resolution: "@inquirer/editor@npm:2.2.0"
  dependencies:
    "@inquirer/core": "npm:^9.1.0"
    "@inquirer/type": "npm:^1.5.3"
    external-editor: "npm:^3.1.0"
  checksum: 10c0/b8afc0790a7a5d82998bdfe469cbaa83b0cd0700be432cf95256c548e2a6a494997b5e93d65cbf94979c17b510758cf8494d85559f6b9508eb15d239a7f22aee
  languageName: node
  linkType: hard

"@inquirer/expand@npm:^2.2.0":
  version: 2.2.0
  resolution: "@inquirer/expand@npm:2.2.0"
  dependencies:
    "@inquirer/core": "npm:^9.1.0"
    "@inquirer/type": "npm:^1.5.3"
    yoctocolors-cjs: "npm:^2.1.2"
  checksum: 10c0/34076a3d633bef14e0f1c7963410e454ad7811afe4011ac0cf9b6270357aba1793c4dea27d45a44d37657dfa1f986c7c0fdb24a5b5c7e7c0475c91975f8833bd
  languageName: node
  linkType: hard

"@inquirer/figures@npm:^1.0.5":
  version: 1.0.5
  resolution: "@inquirer/figures@npm:1.0.5"
  checksum: 10c0/ec9ba23db42cb33fa18eb919abf2a18e750e739e64c1883ce4a98345cd5711c60cac12d1faf56a859f52d387deb221c8d3dfe60344ee07955a9a262f8b821fe3
  languageName: node
  linkType: hard

"@inquirer/input@npm:^2.3.0":
  version: 2.3.0
  resolution: "@inquirer/input@npm:2.3.0"
  dependencies:
    "@inquirer/core": "npm:^9.1.0"
    "@inquirer/type": "npm:^1.5.3"
  checksum: 10c0/44c8cea38c9192f528cae556f38709135a00230132deab3b9bb9a925375fce0513fecf4e8c1df7c4319e1ed7aa31fb4dd2c4956c8bc9dd39af087aafff5b6f1f
  languageName: node
  linkType: hard

"@inquirer/number@npm:^1.1.0":
  version: 1.1.0
  resolution: "@inquirer/number@npm:1.1.0"
  dependencies:
    "@inquirer/core": "npm:^9.1.0"
    "@inquirer/type": "npm:^1.5.3"
  checksum: 10c0/db472dab57c951c4a083b2a749ce58262b1efd9889e7603de6e9c3f9af7d8dce8fbdfa3859f65402d3587470e0397a076e5fb4ed775db33310f17a42c9faeb20
  languageName: node
  linkType: hard

"@inquirer/password@npm:^2.2.0":
  version: 2.2.0
  resolution: "@inquirer/password@npm:2.2.0"
  dependencies:
    "@inquirer/core": "npm:^9.1.0"
    "@inquirer/type": "npm:^1.5.3"
    ansi-escapes: "npm:^4.3.2"
  checksum: 10c0/fa4b335164b2c9c3304d29a7214ef93bac8d3da6788146603ea3d0485b8d811151e49bf66cb0dcc729a9dc21406c3a8c2718c5beec572a91d07026d22842c13f
  languageName: node
  linkType: hard

"@inquirer/prompts@npm:^5.4.0":
  version: 5.4.0
  resolution: "@inquirer/prompts@npm:5.4.0"
  dependencies:
    "@inquirer/checkbox": "npm:^2.5.0"
    "@inquirer/confirm": "npm:^3.2.0"
    "@inquirer/editor": "npm:^2.2.0"
    "@inquirer/expand": "npm:^2.2.0"
    "@inquirer/input": "npm:^2.3.0"
    "@inquirer/number": "npm:^1.1.0"
    "@inquirer/password": "npm:^2.2.0"
    "@inquirer/rawlist": "npm:^2.3.0"
    "@inquirer/search": "npm:^1.1.0"
    "@inquirer/select": "npm:^2.5.0"
  checksum: 10c0/2a1f4a7db99f0f65cba04cbac082f3ae6e0da66febbc0afb31040e626841a1321e0e17d404be89b2ea5a3d2e8f9b5cd30d68911d363f9c66c8a8b904402a63cd
  languageName: node
  linkType: hard

"@inquirer/rawlist@npm:^2.3.0":
  version: 2.3.0
  resolution: "@inquirer/rawlist@npm:2.3.0"
  dependencies:
    "@inquirer/core": "npm:^9.1.0"
    "@inquirer/type": "npm:^1.5.3"
    yoctocolors-cjs: "npm:^2.1.2"
  checksum: 10c0/d49d5e12b7a54394c140b27c8d8748ba1ab855c67c01fa72b5a63810f12865df3bf4d5ae929f54fad77b5fc2f7431a332ae1e5fe4babb335380c28917002f364
  languageName: node
  linkType: hard

"@inquirer/search@npm:^1.1.0":
  version: 1.1.0
  resolution: "@inquirer/search@npm:1.1.0"
  dependencies:
    "@inquirer/core": "npm:^9.1.0"
    "@inquirer/figures": "npm:^1.0.5"
    "@inquirer/type": "npm:^1.5.3"
    yoctocolors-cjs: "npm:^2.1.2"
  checksum: 10c0/20d7e910266b9e3f0dc8eef8f3007f487e6149fa8421d293eaf7c11a1e35c3d82aa30af118b3a6e35eed1048a27d7d806f45722abb10005db5d099ea64b00b17
  languageName: node
  linkType: hard

"@inquirer/select@npm:^2.5.0":
  version: 2.5.0
  resolution: "@inquirer/select@npm:2.5.0"
  dependencies:
    "@inquirer/core": "npm:^9.1.0"
    "@inquirer/figures": "npm:^1.0.5"
    "@inquirer/type": "npm:^1.5.3"
    ansi-escapes: "npm:^4.3.2"
    yoctocolors-cjs: "npm:^2.1.2"
  checksum: 10c0/280fa700187ff29da0ad4bf32aa11db776261584ddf5cc1ceac5caebb242a4ac0c5944af522a2579d78b6ec7d6e8b1b9f6564872101abd8dcc69929b4e33fc4c
  languageName: node
  linkType: hard

"@inquirer/type@npm:^1.5.3":
  version: 1.5.3
  resolution: "@inquirer/type@npm:1.5.3"
  dependencies:
    mute-stream: "npm:^1.0.0"
  checksum: 10c0/da92a7410efcb20cf12422558fb8e00136e2ff1746ae1d17ea05511e77139bf2044527d37a70e77f188f158099f7751ed808ca3f82769cbe99c1052509481e95
  languageName: node
  linkType: hard

"@types/mute-stream@npm:^0.0.4":
  version: 0.0.4
  resolution: "@types/mute-stream@npm:0.0.4"
  dependencies:
    "@types/node": "npm:*"
  checksum: 10c0/944730fd7b398c5078de3c3d4d0afeec8584283bc694da1803fdfca14149ea385e18b1b774326f1601baf53898ce6d121a952c51eb62d188ef6fcc41f725c0dc
  languageName: node
  linkType: hard

"@types/node@npm:*, @types/node@npm:^22.5.2":
  version: 22.5.2
  resolution: "@types/node@npm:22.5.2"
  dependencies:
    undici-types: "npm:~6.19.2"
  checksum: 10c0/624a7fd76229eacc6c158eb3b9afd55b811d7f01976c5f92c630d5b9d47047cc218928c343988484a165ac400e5eb6fe70ea300fc7242deeb0e920c7724290f6
  languageName: node
  linkType: hard

"@types/wrap-ansi@npm:^3.0.0":
  version: 3.0.0
  resolution: "@types/wrap-ansi@npm:3.0.0"
  checksum: 10c0/8d8f53363f360f38135301a06b596c295433ad01debd082078c33c6ed98b05a5c8fe8853a88265432126096084f4a135ec1564e3daad631b83296905509f90b3
  languageName: node
  linkType: hard

"ansi-escapes@npm:^4.3.2":
  version: 4.3.2
  resolution: "ansi-escapes@npm:4.3.2"
  dependencies:
    type-fest: "npm:^0.21.3"
  checksum: 10c0/da917be01871525a3dfcf925ae2977bc59e8c513d4423368645634bf5d4ceba5401574eb705c1e92b79f7292af5a656f78c5725a4b0e1cec97c4b413705c1d50
  languageName: node
  linkType: hard

"ansi-regex@npm:^5.0.1":
  version: 5.0.1
  resolution: "ansi-regex@npm:5.0.1"
  checksum: 10c0/9a64bb8627b434ba9327b60c027742e5d17ac69277960d041898596271d992d4d52ba7267a63ca10232e29f6107fc8a835f6ce8d719b88c5f8493f8254813737
  languageName: node
  linkType: hard

"ansi-styles@npm:^4.0.0":
  version: 4.3.0
  resolution: "ansi-styles@npm:4.3.0"
  dependencies:
    color-convert: "npm:^2.0.1"
  checksum: 10c0/895a23929da416f2bd3de7e9cb4eabd340949328ab85ddd6e484a637d8f6820d485f53933446f5291c3b760cbc488beb8e88573dd0f9c7daf83dccc8fe81b041
  languageName: node
  linkType: hard

"chalk@npm:^5.3.0":
  version: 5.3.0
  resolution: "chalk@npm:5.3.0"
  checksum: 10c0/8297d436b2c0f95801103ff2ef67268d362021b8210daf8ddbe349695333eb3610a71122172ff3b0272f1ef2cf7cc2c41fdaa4715f52e49ffe04c56340feed09
  languageName: node
  linkType: hard

"chardet@npm:^0.7.0":
  version: 0.7.0
  resolution: "chardet@npm:0.7.0"
  checksum: 10c0/96e4731b9ec8050cbb56ab684e8c48d6c33f7826b755802d14e3ebfdc51c57afeece3ea39bc6b09acc359e4363525388b915e16640c1378053820f5e70d0f27d
  languageName: node
  linkType: hard

"cli-spinners@npm:^2.9.2":
  version: 2.9.2
  resolution: "cli-spinners@npm:2.9.2"
  checksum: 10c0/907a1c227ddf0d7a101e7ab8b300affc742ead4b4ebe920a5bf1bc6d45dce2958fcd195eb28fa25275062fe6fa9b109b93b63bc8033396ed3bcb50297008b3a3
  languageName: node
  linkType: hard

"cli-width@npm:^4.1.0":
  version: 4.1.0
  resolution: "cli-width@npm:4.1.0"
  checksum: 10c0/1fbd56413578f6117abcaf858903ba1f4ad78370a4032f916745fa2c7e390183a9d9029cf837df320b0fdce8137668e522f60a30a5f3d6529ff3872d265a955f
  languageName: node
  linkType: hard

"color-convert@npm:^2.0.1":
  version: 2.0.1
  resolution: "color-convert@npm:2.0.1"
  dependencies:
    color-name: "npm:~1.1.4"
  checksum: 10c0/37e1150172f2e311fe1b2df62c6293a342ee7380da7b9cfdba67ea539909afbd74da27033208d01d6d5cfc65ee7868a22e18d7e7648e004425441c0f8a15a7d7
  languageName: node
  linkType: hard

"color-name@npm:~1.1.4":
  version: 1.1.4
  resolution: "color-name@npm:1.1.4"
  checksum: 10c0/a1a3f914156960902f46f7f56bc62effc6c94e84b2cae157a526b1c1f74b677a47ec602bf68a61abfa2b42d15b7c5651c6dbe72a43af720bc588dff885b10f95
  languageName: node
  linkType: hard

"dotenv@npm:^16.4.5":
  version: 16.4.5
  resolution: "dotenv@npm:16.4.5"
  checksum: 10c0/48d92870076832af0418b13acd6e5a5a3e83bb00df690d9812e94b24aff62b88ade955ac99a05501305b8dc8f1b0ee7638b18493deb6fe93d680e5220936292f
  languageName: node
  linkType: hard

"emoji-regex@npm:^8.0.0":
  version: 8.0.0
  resolution: "emoji-regex@npm:8.0.0"
  checksum: 10c0/b6053ad39951c4cf338f9092d7bfba448cdfd46fe6a2a034700b149ac9ffbc137e361cbd3c442297f86bed2e5f7576c1b54cc0a6bf8ef5106cc62f496af35010
  languageName: node
  linkType: hard

"external-editor@npm:^3.1.0":
  version: 3.1.0
  resolution: "external-editor@npm:3.1.0"
  dependencies:
    chardet: "npm:^0.7.0"
    iconv-lite: "npm:^0.4.24"
    tmp: "npm:^0.0.33"
  checksum: 10c0/c98f1ba3efdfa3c561db4447ff366a6adb5c1e2581462522c56a18bf90dfe4da382f9cd1feee3e330108c3595a854b218272539f311ba1b3298f841eb0fbf339
  languageName: node
  linkType: hard

"git_config@workspace:.":
  version: 0.0.0-use.local
  resolution: "git_config@workspace:."
  dependencies:
    "@inquirer/prompts": "npm:^5.4.0"
    chalk: "npm:^5.3.0"
    dotenv: "npm:^16.4.5"
    typescript: "npm:^5.5.4"
  languageName: unknown
  linkType: soft

"iconv-lite@npm:^0.4.24":
  version: 0.4.24
  resolution: "iconv-lite@npm:0.4.24"
  dependencies:
    safer-buffer: "npm:>= 2.1.2 < 3"
  checksum: 10c0/c6886a24cc00f2a059767440ec1bc00d334a89f250db8e0f7feb4961c8727118457e27c495ba94d082e51d3baca378726cd110aaf7ded8b9bbfd6a44760cf1d4
  languageName: node
  linkType: hard

"is-fullwidth-code-point@npm:^3.0.0":
  version: 3.0.0
  resolution: "is-fullwidth-code-point@npm:3.0.0"
  checksum: 10c0/bb11d825e049f38e04c06373a8d72782eee0205bda9d908cc550ccb3c59b99d750ff9537982e01733c1c94a58e35400661f57042158ff5e8f3e90cf936daf0fc
  languageName: node
  linkType: hard

"mute-stream@npm:^1.0.0":
  version: 1.0.0
  resolution: "mute-stream@npm:1.0.0"
  checksum: 10c0/dce2a9ccda171ec979a3b4f869a102b1343dee35e920146776780de182f16eae459644d187e38d59a3d37adf85685e1c17c38cf7bfda7e39a9880f7a1d10a74c
  languageName: node
  linkType: hard

"os-tmpdir@npm:~1.0.2":
  version: 1.0.2
  resolution: "os-tmpdir@npm:1.0.2"
  checksum: 10c0/f438450224f8e2687605a8dd318f0db694b6293c5d835ae509a69e97c8de38b6994645337e5577f5001115470414638978cc49da1cdcc25106dad8738dc69990
  languageName: node
  linkType: hard

"safer-buffer@npm:>= 2.1.2 < 3":
  version: 2.1.2
  resolution: "safer-buffer@npm:2.1.2"
  checksum: 10c0/7e3c8b2e88a1841c9671094bbaeebd94448111dd90a81a1f606f3f67708a6ec57763b3b47f06da09fc6054193e0e6709e77325415dc8422b04497a8070fa02d4
  languageName: node
  linkType: hard

"signal-exit@npm:^4.1.0":
  version: 4.1.0
  resolution: "signal-exit@npm:4.1.0"
  checksum: 10c0/41602dce540e46d599edba9d9860193398d135f7ff72cab629db5171516cfae628d21e7bfccde1bbfdf11c48726bc2a6d1a8fb8701125852fbfda7cf19c6aa83
  languageName: node
  linkType: hard

"string-width@npm:^4.1.0":
  version: 4.2.3
  resolution: "string-width@npm:4.2.3"
  dependencies:
    emoji-regex: "npm:^8.0.0"
    is-fullwidth-code-point: "npm:^3.0.0"
    strip-ansi: "npm:^6.0.1"
  checksum: 10c0/1e525e92e5eae0afd7454086eed9c818ee84374bb80328fc41217ae72ff5f065ef1c9d7f72da41de40c75fa8bb3dee63d92373fd492c84260a552c636392a47b
  languageName: node
  linkType: hard

"strip-ansi@npm:^6.0.0, strip-ansi@npm:^6.0.1":
  version: 6.0.1
  resolution: "strip-ansi@npm:6.0.1"
  dependencies:
    ansi-regex: "npm:^5.0.1"
  checksum: 10c0/1ae5f212a126fe5b167707f716942490e3933085a5ff6c008ab97ab2f272c8025d3aa218b7bd6ab25729ca20cc81cddb252102f8751e13482a5199e873680952
  languageName: node
  linkType: hard

"tmp@npm:^0.0.33":
  version: 0.0.33
  resolution: "tmp@npm:0.0.33"
  dependencies:
    os-tmpdir: "npm:~1.0.2"
  checksum: 10c0/69863947b8c29cabad43fe0ce65cec5bb4b481d15d4b4b21e036b060b3edbf3bc7a5541de1bacb437bb3f7c4538f669752627fdf9b4aaf034cebd172ba373408
  languageName: node
  linkType: hard

"type-fest@npm:^0.21.3":
  version: 0.21.3
  resolution: "type-fest@npm:0.21.3"
  checksum: 10c0/902bd57bfa30d51d4779b641c2bc403cdf1371fb9c91d3c058b0133694fcfdb817aef07a47f40faf79039eecbaa39ee9d3c532deff244f3a19ce68cea71a61e8
  languageName: node
  linkType: hard

"typescript@npm:^5.5.4":
  version: 5.5.4
  resolution: "typescript@npm:5.5.4"
  bin:
    tsc: bin/tsc
    tsserver: bin/tsserver
  checksum: 10c0/422be60f89e661eab29ac488c974b6cc0a660fb2228003b297c3d10c32c90f3bcffc1009b43876a082515a3c376b1eefcce823d6e78982e6878408b9a923199c
  languageName: node
  linkType: hard

"typescript@patch:typescript@npm%3A^5.5.4#optional!builtin<compat/typescript>":
  version: 5.5.4
  resolution: "typescript@patch:typescript@npm%3A5.5.4#optional!builtin<compat/typescript>::version=5.5.4&hash=379a07"
  bin:
    tsc: bin/tsc
    tsserver: bin/tsserver
  checksum: 10c0/73409d7b9196a5a1217b3aaad929bf76294d3ce7d6e9766dd880ece296ee91cf7d7db6b16c6c6c630ee5096eccde726c0ef17c7dfa52b01a243e57ae1f09ef07
  languageName: node
  linkType: hard

"undici-types@npm:~6.19.2":
  version: 6.19.8
  resolution: "undici-types@npm:6.19.8"
  checksum: 10c0/078afa5990fba110f6824823ace86073b4638f1d5112ee26e790155f481f2a868cc3e0615505b6f4282bdf74a3d8caad715fd809e870c2bb0704e3ea6082f344
  languageName: node
  linkType: hard

"wrap-ansi@npm:^6.2.0":
  version: 6.2.0
  resolution: "wrap-ansi@npm:6.2.0"
  dependencies:
    ansi-styles: "npm:^4.0.0"
    string-width: "npm:^4.1.0"
    strip-ansi: "npm:^6.0.0"
  checksum: 10c0/baad244e6e33335ea24e86e51868fe6823626e3a3c88d9a6674642afff1d34d9a154c917e74af8d845fd25d170c4ea9cf69a47133c3f3656e1252b3d462d9f6c
  languageName: node
  linkType: hard

"yoctocolors-cjs@npm:^2.1.2":
  version: 2.1.2
  resolution: "yoctocolors-cjs@npm:2.1.2"
  checksum: 10c0/a0e36eb88fea2c7981eab22d1ba45e15d8d268626e6c4143305e2c1628fa17ebfaa40cd306161a8ce04c0a60ee0262058eab12567493d5eb1409780853454c6f
  languageName: node
  linkType: hard
